
Microsoft Visual Studio Solution File, Format Version 12.00
# Visual Studio Version 17
VisualStudioVersion = 17.0.31912.275
MinimumVisualStudioVersion = 10.0.40219.1
Project("{2150E333-8FDC-42A3-9474-1A3956D46DE8}") = "Services", "Services", "{7C20B779-D0D1-46AE-830F-CB397EF797A1}"
EndProject
Project("{2150E333-8FDC-42A3-9474-1A3956D46DE8}") = "Catalog", "Catalog", "{25A749D2-50A8-4E5D-83A0-019FC8372EF2}"
EndProject
Project("{9A19103F-16F7-4668-BE54-9A1E7A4F7556}") = "Catalog.API", "Services\Catalog\Catalog.API\Catalog.API.csproj", "{DAA8D39C-8BE1-41AD-B4C7-B16A478DAD11}"
EndProject
Project("{E53339B2-1760-4266-BCC7-CA923CBCF16C}") = "docker-compose", "docker-compose.dcproj", "{A3220BF2-3828-4700-8150-46EFF278DD2D}"
EndProject
Project("{2150E333-8FDC-42A3-9474-1A3956D46DE8}") = "Basket", "Basket", "{F2F1C972-06C4-4E9A-8AA8-8F89D6A70C1A}"
EndProject
Project("{9A19103F-16F7-4668-BE54-9A1E7A4F7556}") = "Basket.API", "Services\Basket\Basket.API\Basket.API.csproj", "{399E9960-5A73-48A2-8854-7E06E920E5C6}"
EndProject
Project("{2150E333-8FDC-42A3-9474-1A3956D46DE8}") = "Discount", "Discount", "{DEC9EFBC-1A51-4FED-9B27-F60AF1CF267D}"
EndProject
Project("{9A19103F-16F7-4668-BE54-9A1E7A4F7556}") = "Discount.API", "Services\Discount\Discount.Api\Discount.API.csproj", "{25F98A4E-57F0-4C7A-8016-568A089918A3}"
EndProject
Project("{9A19103F-16F7-4668-BE54-9A1E7A4F7556}") = "Discount.Grpc", "Services\Discount\Discount.Grpc\Discount.Grpc.csproj", "{58946D12-B313-48E7-B7E3-672E0D4383B5}"
EndProject
Project("{2150E333-8FDC-42A3-9474-1A3956D46DE8}") = "Ordering", "Ordering", "{0AE8CE68-2069-43BB-B7D1-168F6C4DC439}"
EndProject
Project("{9A19103F-16F7-4668-BE54-9A1E7A4F7556}") = "Ordering.API", "Services\Ordering\Ordering.API\Ordering.API.csproj", "{D58A84E5-4971-46F9-BE3C-E9807E9A11E1}"
EndProject
Project("{FAE04EC0-301F-11D3-BF4B-00C04F79EFBC}") = "Ordering.Domain", "Services\Ordering\Ordering.Domain\Ordering.Domain.csproj", "{341679A3-4DC2-47FB-A4A9-290D33595F6B}"
EndProject
Project("{FAE04EC0-301F-11D3-BF4B-00C04F79EFBC}") = "Ordering.Application", "Services\Ordering\Ordering.Application\Ordering.Application.csproj", "{AD5D522A-5766-4DDB-986B-56B8F3BB7019}"
EndProject
Project("{FAE04EC0-301F-11D3-BF4B-00C04F79EFBC}") = "Ordering.Infrastructure", "Services\Ordering\Ordering.Infrastructure\Ordering.Infrastructure.csproj", "{AD729982-A44D-428F-839D-EFB2706BC0CD}"
EndProject
Global
	GlobalSection(SolutionConfigurationPlatforms) = preSolution
		Debug|Any CPU = Debug|Any CPU
		Release|Any CPU = Release|Any CPU
	EndGlobalSection
	GlobalSection(ProjectConfigurationPlatforms) = postSolution
		{DAA8D39C-8BE1-41AD-B4C7-B16A478DAD11}.Debug|Any CPU.ActiveCfg = Debug|Any CPU
		{DAA8D39C-8BE1-41AD-B4C7-B16A478DAD11}.Debug|Any CPU.Build.0 = Debug|Any CPU
		{DAA8D39C-8BE1-41AD-B4C7-B16A478DAD11}.Release|Any CPU.ActiveCfg = Release|Any CPU
		{DAA8D39C-8BE1-41AD-B4C7-B16A478DAD11}.Release|Any CPU.Build.0 = Release|Any CPU
		{A3220BF2-3828-4700-8150-46EFF278DD2D}.Debug|Any CPU.ActiveCfg = Debug|Any CPU
		{A3220BF2-3828-4700-8150-46EFF278DD2D}.Debug|Any CPU.Build.0 = Debug|Any CPU
		{A3220BF2-3828-4700-8150-46EFF278DD2D}.Release|Any CPU.ActiveCfg = Release|Any CPU
		{A3220BF2-3828-4700-8150-46EFF278DD2D}.Release|Any CPU.Build.0 = Release|Any CPU
		{399E9960-5A73-48A2-8854-7E06E920E5C6}.Debug|Any CPU.ActiveCfg = Debug|Any CPU
		{399E9960-5A73-48A2-8854-7E06E920E5C6}.Debug|Any CPU.Build.0 = Debug|Any CPU
		{399E9960-5A73-48A2-8854-7E06E920E5C6}.Release|Any CPU.ActiveCfg = Release|Any CPU
		{399E9960-5A73-48A2-8854-7E06E920E5C6}.Release|Any CPU.Build.0 = Release|Any CPU
		{25F98A4E-57F0-4C7A-8016-568A089918A3}.Debug|Any CPU.ActiveCfg = Debug|Any CPU
		{25F98A4E-57F0-4C7A-8016-568A089918A3}.Debug|Any CPU.Build.0 = Debug|Any CPU
		{25F98A4E-57F0-4C7A-8016-568A089918A3}.Release|Any CPU.ActiveCfg = Release|Any CPU
		{25F98A4E-57F0-4C7A-8016-568A089918A3}.Release|Any CPU.Build.0 = Release|Any CPU
		{58946D12-B313-48E7-B7E3-672E0D4383B5}.Debug|Any CPU.ActiveCfg = Debug|Any CPU
		{58946D12-B313-48E7-B7E3-672E0D4383B5}.Debug|Any CPU.Build.0 = Debug|Any CPU
		{58946D12-B313-48E7-B7E3-672E0D4383B5}.Release|Any CPU.ActiveCfg = Release|Any CPU
		{58946D12-B313-48E7-B7E3-672E0D4383B5}.Release|Any CPU.Build.0 = Release|Any CPU
		{D58A84E5-4971-46F9-BE3C-E9807E9A11E1}.Debug|Any CPU.ActiveCfg = Debug|Any CPU
		{D58A84E5-4971-46F9-BE3C-E9807E9A11E1}.Debug|Any CPU.Build.0 = Debug|Any CPU
		{D58A84E5-4971-46F9-BE3C-E9807E9A11E1}.Release|Any CPU.ActiveCfg = Release|Any CPU
		{D58A84E5-4971-46F9-BE3C-E9807E9A11E1}.Release|Any CPU.Build.0 = Release|Any CPU
		{341679A3-4DC2-47FB-A4A9-290D33595F6B}.Debug|Any CPU.ActiveCfg = Debug|Any CPU
		{341679A3-4DC2-47FB-A4A9-290D33595F6B}.Debug|Any CPU.Build.0 = Debug|Any CPU
		{341679A3-4DC2-47FB-A4A9-290D33595F6B}.Release|Any CPU.ActiveCfg = Release|Any CPU
		{341679A3-4DC2-47FB-A4A9-290D33595F6B}.Release|Any CPU.Build.0 = Release|Any CPU
		{AD5D522A-5766-4DDB-986B-56B8F3BB7019}.Debug|Any CPU.ActiveCfg = Debug|Any CPU
		{AD5D522A-5766-4DDB-986B-56B8F3BB7019}.Debug|Any CPU.Build.0 = Debug|Any CPU
		{AD5D522A-5766-4DDB-986B-56B8F3BB7019}.Release|Any CPU.ActiveCfg = Release|Any CPU
		{AD5D522A-5766-4DDB-986B-56B8F3BB7019}.Release|Any CPU.Build.0 = Release|Any CPU
		{AD729982-A44D-428F-839D-EFB2706BC0CD}.Debug|Any CPU.ActiveCfg = Debug|Any CPU
		{AD729982-A44D-428F-839D-EFB2706BC0CD}.Debug|Any CPU.Build.0 = Debug|Any CPU
		{AD729982-A44D-428F-839D-EFB2706BC0CD}.Release|Any CPU.ActiveCfg = Release|Any CPU
		{AD729982-A44D-428F-839D-EFB2706BC0CD}.Release|Any CPU.Build.0 = Release|Any CPU
	EndGlobalSection
	GlobalSection(SolutionProperties) = preSolution
		HideSolutionNode = FALSE
	EndGlobalSection
	GlobalSection(NestedProjects) = preSolution
		{25A749D2-50A8-4E5D-83A0-019FC8372EF2} = {7C20B779-D0D1-46AE-830F-CB397EF797A1}
		{DAA8D39C-8BE1-41AD-B4C7-B16A478DAD11} = {25A749D2-50A8-4E5D-83A0-019FC8372EF2}
		{F2F1C972-06C4-4E9A-8AA8-8F89D6A70C1A} = {7C20B779-D0D1-46AE-830F-CB397EF797A1}
		{399E9960-5A73-48A2-8854-7E06E920E5C6} = {F2F1C972-06C4-4E9A-8AA8-8F89D6A70C1A}
		{DEC9EFBC-1A51-4FED-9B27-F60AF1CF267D} = {7C20B779-D0D1-46AE-830F-CB397EF797A1}
		{25F98A4E-57F0-4C7A-8016-568A089918A3} = {DEC9EFBC-1A51-4FED-9B27-F60AF1CF267D}
		{58946D12-B313-48E7-B7E3-672E0D4383B5} = {DEC9EFBC-1A51-4FED-9B27-F60AF1CF267D}
		{0AE8CE68-2069-43BB-B7D1-168F6C4DC439} = {7C20B779-D0D1-46AE-830F-CB397EF797A1}
		{D58A84E5-4971-46F9-BE3C-E9807E9A11E1} = {0AE8CE68-2069-43BB-B7D1-168F6C4DC439}
		{341679A3-4DC2-47FB-A4A9-290D33595F6B} = {0AE8CE68-2069-43BB-B7D1-168F6C4DC439}
		{AD5D522A-5766-4DDB-986B-56B8F3BB7019} = {0AE8CE68-2069-43BB-B7D1-168F6C4DC439}
		{AD729982-A44D-428F-839D-EFB2706BC0CD} = {0AE8CE68-2069-43BB-B7D1-168F6C4DC439}
	EndGlobalSection
	GlobalSection(ExtensibilityGlobals) = postSolution
		SolutionGuid = {F5A5336E-2624-403F-AA11-CC6D08C0A86A}
	EndGlobalSection
EndGlobal
